
Microsoft Visual Studio Solution File, Format Version 12.00
# Visual Studio Version 17
VisualStudioVersion = 17.4.33403.182
MinimumVisualStudioVersion = 10.0.40219.1
Project("{9A19103F-16F7-4668-BE54-9A1E7A4F7556}") = "BensModManager", "BensModManager.csproj", "{1CDD1AC3-8BA7-4671-BC76-2749A11C96D6}"
EndProject
Global
	GlobalSection(SolutionConfigurationPlatforms) = preSolution
		Debug|Any CPU = Debug|Any CPU
		Release|Any CPU = Release|Any CPU
	EndGlobalSection
	GlobalSection(ProjectConfigurationPlatforms) = postSolution
		{1CDD1AC3-8BA7-4671-BC76-2749A11C96D6}.Debug|Any CPU.ActiveCfg = Debug|Any CPU
		{1CDD1AC3-8BA7-4671-BC76-2749A11C96D6}.Debug|Any CPU.Build.0 = Debug|Any CPU
		{1CDD1AC3-8BA7-4671-BC76-2749A11C96D6}.Release|Any CPU.ActiveCfg = Release|Any CPU
		{1CDD1AC3-8BA7-4671-BC76-2749A11C96D6}.Release|Any CPU.Build.0 = Release|Any CPU
	EndGlobalSection
	GlobalSection(SolutionProperties) = preSolution
		HideSolutionNode = FALSE
	EndGlobalSection
	GlobalSection(ExtensibilityGlobals) = postSolution
		SolutionGuid = {E872F230-09C8-4970-B75B-3CA519024BE0}
	EndGlobalSection
EndGlobal
